
Microsoft Visual Studio Solution File, Format Version 10.00
# Visual Studio 2008
Project("{FAE04EC0-301F-11D3-BF4B-00C04F79EFBC}") = "Gallio.BoostAdapter", "Gallio.BoostAdapter\Gallio.BoostAdapter.VS2008.csproj", "{949A17CF-7A9A-4BA0-9FD3-BED1B146217D}"
	ProjectSection(ProjectDependencies) = postProject
		{6972A389-265F-42F1-B6F4-428B94669E26} = {6972A389-265F-42F1-B6F4-428B94669E26}
	EndProjectSection
EndProject
Project("{8BC9CEB8-8B4A-11D0-8D11-00A0C91BC942}") = "Gallio.BoostAdapter.Native", "Gallio.BoostAdapter.Native\Gallio.BoostAdapter.Native.VS2008.vcproj", "{6972A389-265F-42F1-B6F4-428B94669E26}"
EndProject
Global
	GlobalSection(SolutionConfigurationPlatforms) = preSolution
		Debug|Win32 = Debug|Win32
		Debug|x64 = Debug|x64
		Release|Win32 = Release|Win32
		Release|x64 = Release|x64
	EndGlobalSection
	GlobalSection(ProjectConfigurationPlatforms) = postSolution
		{949A17CF-7A9A-4BA0-9FD3-BED1B146217D}.Debug|Win32.ActiveCfg = Debug|Any CPU
		{949A17CF-7A9A-4BA0-9FD3-BED1B146217D}.Debug|Win32.Build.0 = Debug|Any CPU
		{949A17CF-7A9A-4BA0-9FD3-BED1B146217D}.Debug|x64.ActiveCfg = Debug|Any CPU
		{949A17CF-7A9A-4BA0-9FD3-BED1B146217D}.Debug|x64.Build.0 = Debug|Any CPU
		{949A17CF-7A9A-4BA0-9FD3-BED1B146217D}.Release|Win32.ActiveCfg = Release|Any CPU
		{949A17CF-7A9A-4BA0-9FD3-BED1B146217D}.Release|Win32.Build.0 = Release|Any CPU
		{949A17CF-7A9A-4BA0-9FD3-BED1B146217D}.Release|x64.ActiveCfg = Release|Any CPU
		{949A17CF-7A9A-4BA0-9FD3-BED1B146217D}.Release|x64.Build.0 = Release|Any CPU
		{6972A389-265F-42F1-B6F4-428B94669E26}.Debug|Win32.ActiveCfg = Debug|Win32
		{6972A389-265F-42F1-B6F4-428B94669E26}.Debug|Win32.Build.0 = Debug|Win32
		{6972A389-265F-42F1-B6F4-428B94669E26}.Debug|x64.ActiveCfg = Debug|x64
		{6972A389-265F-42F1-B6F4-428B94669E26}.Debug|x64.Build.0 = Debug|x64
		{6972A389-265F-42F1-B6F4-428B94669E26}.Release|Win32.ActiveCfg = Release|Win32
		{6972A389-265F-42F1-B6F4-428B94669E26}.Release|Win32.Build.0 = Release|Win32
		{6972A389-265F-42F1-B6F4-428B94669E26}.Release|x64.ActiveCfg = Release|x64
		{6972A389-265F-42F1-B6F4-428B94669E26}.Release|x64.Build.0 = Release|x64
	EndGlobalSection
	GlobalSection(SolutionProperties) = preSolution
		HideSolutionNode = FALSE
	EndGlobalSection
EndGlobal
